// !$*UTF8*$!
{
	archiveVersion = 1;
	classes = {
	};
	objectVersion = 50;
	objects = {

/* Begin PBXBuildFile section */
		B017C95B24C9EDEC00CF4D4A /* AppDelegate.swift in Sources */ = {isa = PBXBuildFile; fileRef = B017C95A24C9EDEC00CF4D4A /* AppDelegate.swift */; };
		B017C95D24C9EDEC00CF4D4A /* SceneDelegate.swift in Sources */ = {isa = PBXBuildFile; fileRef = B017C95C24C9EDEC00CF4D4A /* SceneDelegate.swift */; };
		B017C95F24C9EDEC00CF4D4A /* ViewController.swift in Sources */ = {isa = PBXBuildFile; fileRef = B017C95E24C9EDEC00CF4D4A /* ViewController.swift */; };
		B017C96224C9EDEC00CF4D4A /* Main.storyboard in Resources */ = {isa = PBXBuildFile; fileRef = B017C96024C9EDEC00CF4D4A /* Main.storyboard */; };
		B017C96424C9EDEF00CF4D4A /* Assets.xcassets in Resources */ = {isa = PBXBuildFile; fileRef = B017C96324C9EDEF00CF4D4A /* Assets.xcassets */; };
		B017C96724C9EDEF00CF4D4A /* LaunchScreen.storyboard in Resources */ = {isa = PBXBuildFile; fileRef = B017C96524C9EDEF00CF4D4A /* LaunchScreen.storyboard */; };
		B017C96F24C9F1A500CF4D4A /* Petition.swift in Sources */ = {isa = PBXBuildFile; fileRef = B017C96E24C9F1A500CF4D4A /* Petition.swift */; };
		B017C97124C9F25300CF4D4A /* Petitions.swift in Sources */ = {isa = PBXBuildFile; fileRef = B017C97024C9F25300CF4D4A /* Petitions.swift */; };
		B03B53BA24CB47F5009435F9 /* DetailViewController.swift in Sources */ = {isa = PBXBuildFile; fileRef = B03B53B924CB47F5009435F9 /* DetailViewController.swift */; };
/* End PBXBuildFile section */

/* Begin PBXFileReference section */
		B017C95724C9EDEC00CF4D4A /* Project7.app */ = {isa = PBXFileReference; explicitFileType = wrapper.application; includeInIndex = 0; path = Project7.app; sourceTree = BUILT_PRODUCTS_DIR; };
		B017C95A24C9EDEC00CF4D4A /* AppDelegate.swift */ = {isa = PBXFileReference; lastKnownFileType = sourcecode.swift; path = AppDelegate.swift; sourceTree = "<group>"; };
		B017C95C24C9EDEC00CF4D4A /* SceneDelegate.swift */ = {isa = PBXFileReference; lastKnownFileType = sourcecode.swift; path = SceneDelegate.swift; sourceTree = "<group>"; };
		B017C95E24C9EDEC00CF4D4A /* ViewController.swift */ = {isa = PBXFileReference; lastKnownFileType = sourcecode.swift; path = ViewController.swift; sourceTree = "<group>"; };
		B017C96124C9EDEC00CF4D4A /* Base */ = {isa = PBXFileReference; lastKnownFileType = file.storyboard; name = Base; path = Base.lproj/Main.storyboard; sourceTree = "<group>"; };
		B017C96324C9EDEF00CF4D4A /* Assets.xcassets */ = {isa = PBXFileReference; lastKnownFileType = folder.assetcatalog; path = Assets.xcassets; sourceTree = "<group>"; };
		B017C96624C9EDEF00CF4D4A /* Base */ = {isa = PBXFileReference; lastKnownFileType = file.storyboard; name = Base; path = Base.lproj/LaunchScreen.storyboard; sourceTree = "<group>"; };
		B017C96824C9EDEF00CF4D4A /* Info.plist */ = {isa = PBXFileReference; lastKnownFileType = text.plist.xml; path = Info.plist; sourceTree = "<group>"; };
		B017C96E24C9F1A500CF4D4A /* Petition.swift */ = {isa = PBXFileReference; lastKnownFileType = sourcecode.swift; path = Petition.swift; sourceTree = "<group>"; };
		B017C97024C9F25300CF4D4A /* Petitions.swift */ = {isa = PBXFileReference; lastKnownFileType = sourcecode.swift; path = Petitions.swift; sourceTree = "<group>"; };
		B03B53B924CB47F5009435F9 /* DetailViewController.swift */ = {isa = PBXFileReference; lastKnownFileType = sourcecode.swift; path = DetailViewController.swift; sourceTree = "<group>"; };
/* End PBXFileReference section */

/* Begin PBXFrameworksBuildPhase section */
		B017C95424C9EDEC00CF4D4A /* Frameworks */ = {
			isa = PBXFrameworksBuildPhase;
			buildActionMask = 2147483647;
			files = (
			);
			runOnlyForDeploymentPostprocessing = 0;
		};
/* End PBXFrameworksBuildPhase section */

/* Begin PBXGroup section */
		B017C94E24C9EDEC00CF4D4A = {
			isa = PBXGroup;
			children = (
				B017C95924C9EDEC00CF4D4A /* Project7 */,
				B017C95824C9EDEC00CF4D4A /* Products */,
			);
			sourceTree = "<group>";
		};
		B017C95824C9EDEC00CF4D4A /* Products */ = {
			isa = PBXGroup;
			children = (
				B017C95724C9EDEC00CF4D4A /* Project7.app */,
			);
			name = Products;
			sourceTree = "<group>";
		};
		B017C95924C9EDEC00CF4D4A /* Project7 */ = {
			isa = PBXGroup;
			children = (
				B017C95A24C9EDEC00CF4D4A /* AppDelegate.swift */,
				B017C95C24C9EDEC00CF4D4A /* SceneDelegate.swift */,
				B017C95E24C9EDEC00CF4D4A /* ViewController.swift */,
				B03B53B924CB47F5009435F9 /* DetailViewController.swift */,
				B017C96E24C9F1A500CF4D4A /* Petition.swift */,
				B017C97024C9F25300CF4D4A /* Petitions.swift */,
				B017C96024C9EDEC00CF4D4A /* Main.storyboard */,
				B017C96324C9EDEF00CF4D4A /* Assets.xcassets */,
				B017C96524C9EDEF00CF4D4A /* LaunchScreen.storyboard */,
				B017C96824C9EDEF00CF4D4A /* Info.plist */,
			);
			path = Project7;
			sourceTree = "<group>";
		};
/* End PBXGroup section */

/* Begin PBXNativeTarget section */
		B017C95624C9EDEC00CF4D4A /* Project7 */ = {
			isa = PBXNativeTarget;
			buildConfigurationList = B017C96B24C9EDEF00CF4D4A /* Build configuration list for PBXNativeTarget "Project7" */;
			buildPhases = (
				B017C95324C9EDEC00CF4D4A /* Sources */,
				B017C95424C9EDEC00CF4D4A /* Frameworks */,
				B017C95524C9EDEC00CF4D4A /* Resources */,
			);
			buildRules = (
			);
			dependencies = (
			);
			name = Project7;
			productName = Project7;
			productReference = B017C95724C9EDEC00CF4D4A /* Project7.app */;
			productType = "com.apple.product-type.application";
		};
/* End PBXNativeTarget section */

/* Begin PBXProject section */
		B017C94F24C9EDEC00CF4D4A /* Project object */ = {
			isa = PBXProject;
			attributes = {
				LastSwiftUpdateCheck = 1130;
				LastUpgradeCheck = 1130;
				ORGANIZATIONNAME = "SANDEEP BANDARU";
				TargetAttributes = {
					B017C95624C9EDEC00CF4D4A = {
						CreatedOnToolsVersion = 11.3.1;
					};
				};
			};
			buildConfigurationList = B017C95224C9EDEC00CF4D4A /* Build configuration list for PBXProject "Project7" */;
			compatibilityVersion = "Xcode 9.3";
			developmentRegion = en;
			hasScannedForEncodings = 0;
			knownRegions = (
				en,
				Base,
			);
			mainGroup = B017C94E24C9EDEC00CF4D4A;
			productRefGroup = B017C95824C9EDEC00CF4D4A /* Products */;
			projectDirPath = "";
			projectRoot = "";
			targets = (
				B017C95624C9EDEC00CF4D4A /* Project7 */,
			);
		};
/* End PBXProject section */

/* Begin PBXResourcesBuildPhase section */
		B017C95524C9EDEC00CF4D4A /* Resources */ = {
			isa = PBXResourcesBuildPhase;
			buildActionMask = 2147483647;
			files = (
				B017C96724C9EDEF00CF4D4A /* LaunchScreen.storyboard in Resources */,
				B017C96424C9EDEF00CF4D4A /* Assets.xcassets in Resources */,
				B017C96224C9EDEC00CF4D4A /* Main.storyboard in Resources */,
			);
			runOnlyForDeploymentPostprocessing = 0;
		};
/* End PBXResourcesBuildPhase section */

/* Begin PBXSourcesBuildPhase section */
		B017C95324C9EDEC00CF4D4A /* Sources */ = {
			isa = PBXSourcesBuildPhase;
			buildActionMask = 2147483647;
			files = (
				B017C95F24C9EDEC00CF4D4A /* ViewController.swift in Sources */,
				B017C96F24C9F1A500CF4D4A /* Petition.swift in Sources */,
				B017C95B24C9EDEC00CF4D4A /* AppDelegate.swift in Sources */,
				B03B53BA24CB47F5009435F9 /* DetailViewController.swift in Sources */,
				B017C95D24C9EDEC00CF4D4A /* SceneDelegate.swift in Sources */,
				B017C97124C9F25300CF4D4A /* Petitions.swift in Sources */,
			);
			runOnlyForDeploymentPostprocessing = 0;
		};
/* End PBXSourcesBuildPhase section */

/* Begin PBXVariantGroup section */
		B017C96024C9EDEC00CF4D4A /* Main.storyboard */ = {
			isa = PBXVariantGroup;
			children = (
				B017C96124C9EDEC00CF4D4A /* Base */,
			);
			name = Main.storyboard;
			sourceTree = "<group>";
		};
		B017C96524C9EDEF00CF4D4A /* LaunchScreen.storyboard */ = {
			isa = PBXVariantGroup;
			children = (
				B017C96624C9EDEF00CF4D4A /* Base */,
			);
			name = LaunchScreen.storyboard;
			sourceTree = "<group>";
		};
/* End PBXVariantGroup section */

/* Begin XCBuildConfiguration section */
		B017C96924C9EDEF00CF4D4A /* Debug */ = {
			isa = XCBuildConfiguration;
			buildSettings = {
				ALWAYS_SEARCH_USER_PATHS = NO;
				CLANG_ANALYZER_NONNULL = YES;
				CLANG_ANALYZER_NUMBER_OBJECT_CONVERSION = YES_AGGRESSIVE;
				CLANG_CXX_LANGUAGE_STANDARD = "gnu++14";
				CLANG_CXX_LIBRARY = "libc++";
				CLANG_ENABLE_MODULES = YES;
				CLANG_ENABLE_OBJC_ARC = YES;
				CLANG_ENABLE_OBJC_WEAK = YES;
				CLANG_WARN_BLOCK_CAPTURE_AUTORELEASING = YES;
				CLANG_WARN_BOOL_CONVERSION = YES;
				CLANG_WARN_COMMA = YES;
				CLANG_WARN_CONSTANT_CONVERSION = YES;
				CLANG_WARN_DEPRECATED_OBJC_IMPLEMENTATIONS = YES;
				CLANG_WARN_DIRECT_OBJC_ISA_USAGE = YES_ERROR;
				CLANG_WARN_DOCUMENTATION_COMMENTS = YES;
				CLANG_WARN_EMPTY_BODY = YES;
				CLANG_WARN_ENUM_CONVERSION = YES;
				CLANG_WARN_INFINITE_RECURSION = YES;
				CLANG_WARN_INT_CONVERSION = YES;
				CLANG_WARN_NON_LITERAL_NULL_CONVERSION = YES;
				CLANG_WARN_OBJC_IMPLICIT_RETAIN_SELF = YES;
				CLANG_WARN_OBJC_LITERAL_CONVERSION = YES;
				CLANG_WARN_OBJC_ROOT_CLASS = YES_ERROR;
				CLANG_WARN_RANGE_LOOP_ANALYSIS = YES;
				CLANG_WARN_STRICT_PROTOTYPES = YES;
				CLANG_WARN_SUSPICIOUS_MOVE = YES;
				CLANG_WARN_UNGUARDED_AVAILABILITY = YES_AGGRESSIVE;
				CLANG_WARN_UNREACHABLE_CODE = YES;
				CLANG_WARN__DUPLICATE_METHOD_MATCH = YES;
				COPY_PHASE_STRIP = NO;
				DEBUG_INFORMATION_FORMAT = dwarf;
				ENABLE_STRICT_OBJC_MSGSEND = YES;
				ENABLE_TESTABILITY = YES;
				GCC_C_LANGUAGE_STANDARD = gnu11;
				GCC_DYNAMIC_NO_PIC = NO;
				GCC_NO_COMMON_BLOCKS = YES;
				GCC_OPTIMIZATION_LEVEL = 0;
				GCC_PREPROCESSOR_DEFINITIONS = (
					"DEBUG=1",
					"$(inherited)",
				);
				GCC_WARN_64_TO_32_BIT_CONVERSION = YES;
				GCC_WARN_ABOUT_RETURN_TYPE = YES_ERROR;
				GCC_WARN_UNDECLARED_SELECTOR = YES;
				GCC_WARN_UNINITIALIZED_AUTOS = YES_AGGRESSIVE;
				GCC_WARN_UNUSED_FUNCTION = YES;
				GCC_WARN_UNUSED_VARIABLE = YES;
				IPHONEOS_DEPLOYMENT_TARGET = 13.2;
				MTL_ENABLE_DEBUG_INFO = INCLUDE_SOURCE;
				MTL_FAST_MATH = YES;
				ONLY_ACTIVE_ARCH = YES;
				SDKROOT = iphoneos;
				SWIFT_ACTIVE_COMPILATION_CONDITIONS = DEBUG;
				SWIFT_OPTIMIZATION_LEVEL = "-Onone";
			};
			name = Debug;
		};
		B017C96A24C9EDEF00CF4D4A /* Release */ = {
			isa = XCBuildConfiguration;
			buildSettings = {
				ALWAYS_SEARCH_USER_PATHS = NO;
				CLANG_ANALYZER_NONNULL = YES;
				CLANG_ANALYZER_NUMBER_OBJECT_CONVERSION = YES_AGGRESSIVE;
				CLANG_CXX_LANGUAGE_STANDARD = "gnu++14";
				CLANG_CXX_LIBRARY = "libc++";
				CLANG_ENABLE_MODULES = YES;
				CLANG_ENABLE_OBJC_ARC = YES;
				CLANG_ENABLE_OBJC_WEAK = YES;
				CLANG_WARN_BLOCK_CAPTURE_AUTORELEASING = YES;
				CLANG_WARN_BOOL_CONVERSION = YES;
				CLANG_WARN_COMMA = YES;
				CLANG_WARN_CONSTANT_CONVERSION = YES;
				CLANG_WARN_DEPRECATED_OBJC_IMPLEMENTATIONS = YES;
				CLANG_WARN_DIRECT_OBJC_ISA_USAGE = YES_ERROR;
				CLANG_WARN_DOCUMENTATION_COMMENTS = YES;
				CLANG_WARN_EMPTY_BODY = YES;
				CLANG_WARN_ENUM_CONVERSION = YES;
				CLANG_WARN_INFINITE_RECURSION = YES;
				CLANG_WARN_INT_CONVERSION = YES;
				CLANG_WARN_NON_LITERAL_NULL_CONVERSION = YES;
				CLANG_WARN_OBJC_IMPLICIT_RETAIN_SELF = YES;
				CLANG_WARN_OBJC_LITERAL_CONVERSION = YES;
				CLANG_WARN_OBJC_ROOT_CLASS = YES_ERROR;
				CLANG_WARN_RANGE_LOOP_ANALYSIS = YES;
				CLANG_WARN_STRICT_PROTOTYPES = YES;
				CLANG_WARN_SUSPICIOUS_MOVE = YES;
				CLANG_WARN_UNGUARDED_AVAILABILITY = YES_AGGRESSIVE;
				CLANG_WARN_UNREACHABLE_CODE = YES;
				CLANG_WARN__DUPLICATE_METHOD_MATCH = YES;
				COPY_PHASE_STRIP = NO;
				DEBUG_INFORMATION_FORMAT = "dwarf-with-dsym";
				ENABLE_NS_ASSERTIONS = NO;
				ENABLE_STRICT_OBJC_MSGSEND = YES;
				GCC_C_LANGUAGE_STANDARD = gnu11;
				GCC_NO_COMMON_BLOCKS = YES;
				GCC_WARN_64_TO_32_BIT_CONVERSION = YES;
				GCC_WARN_ABOUT_RETURN_TYPE = YES_ERROR;
				GCC_WARN_UNDECLARED_SELECTOR = YES;
				GCC_WARN_UNINITIALIZED_AUTOS = YES_AGGRESSIVE;
				GCC_WARN_UNUSED_FUNCTION = YES;
				GCC_WARN_UNUSED_VARIABLE = YES;
				IPHONEOS_DEPLOYMENT_TARGET = 13.2;
				MTL_ENABLE_DEBUG_INFO = NO;
				MTL_FAST_MATH = YES;
				SDKROOT = iphoneos;
				SWIFT_COMPILATION_MODE = wholemodule;
				SWIFT_OPTIMIZATION_LEVEL = "-O";
				VALIDATE_PRODUCT = YES;
			};
			name = Release;
		};
		B017C96C24C9EDEF00CF4D4A /* Debug */ = {
			isa = XCBuildConfiguration;
			buildSettings = {
				ASSETCATALOG_COMPILER_APPICON_NAME = AppIcon;
				CODE_SIGN_STYLE = Automatic;
				DEVELOPMENT_TEAM = 4TUGU5J32W;
				INFOPLIST_FILE = Project7/Info.plist;
				LD_RUNPATH_SEARCH_PATHS = (
					"$(inherited)",
					"@executable_path/Frameworks",
				);
				PRODUCT_BUNDLE_IDENTIFIER = com.sb.Project7;
				PRODUCT_NAME = "$(TARGET_NAME)";
				SWIFT_VERSION = 5.0;
				TARGETED_DEVICE_FAMILY = "1,2";
			};
			name = Debug;
		};
		B017C96D24C9EDEF00CF4D4A /* Release */ = {
			isa = XCBuildConfiguration;
			buildSettings = {
				ASSETCATALOG_COMPILER_APPICON_NAME = AppIcon;
				CODE_SIGN_STYLE = Automatic;
				DEVELOPMENT_TEAM = 4TUGU5J32W;
				INFOPLIST_FILE = Project7/Info.plist;
				LD_RUNPATH_SEARCH_PATHS = (
					"$(inherited)",
					"@executable_path/Frameworks",
				);
				PRODUCT_BUNDLE_IDENTIFIER = com.sb.Project7;
				PRODUCT_NAME = "$(TARGET_NAME)";
				SWIFT_VERSION = 5.0;
				TARGETED_DEVICE_FAMILY = "1,2";
			};
			name = Release;
		};
/* End XCBuildConfiguration section */

/* Begin XCConfigurationList section */
		B017C95224C9EDEC00CF4D4A /* Build configuration list for PBXProject "Project7" */ = {
			isa = XCConfigurationList;
			buildConfigurations = (
				B017C96924C9EDEF00CF4D4A /* Debug */,
				B017C96A24C9EDEF00CF4D4A /* Release */,
			);
			defaultConfigurationIsVisible = 0;
			defaultConfigurationName = Release;
		};
		B017C96B24C9EDEF00CF4D4A /* Build configuration list for PBXNativeTarget "Project7" */ = {
			isa = XCConfigurationList;
			buildConfigurations = (
				B017C96C24C9EDEF00CF4D4A /* Debug */,
				B017C96D24C9EDEF00CF4D4A /* Release */,
			);
			defaultConfigurationIsVisible = 0;
			defaultConfigurationName = Release;
		};
/* End XCConfigurationList section */
	};
	rootObject = B017C94F24C9EDEC00CF4D4A /* Project object */;
}
